
Microsoft Visual Studio Solution File, Format Version 12.00
# Visual Studio Version 16
VisualStudioVersion = 16.0.30011.22
MinimumVisualStudioVersion = 10.0.40219.1
Project("{FAE04EC0-301F-11D3-BF4B-00C04F79EFBC}") = "aspnetmvc-simple-app", "aspnetmvc-simple-app.csproj", "{4CB71F66-F40E-4077-BE77-81EB64C7BB29}"
EndProject
Project("{FAE04EC0-301F-11D3-BF4B-00C04F79EFBC}") = "aspnetmvc-simple-app.Test", "..\aspnetmvc-simple-app.Test\aspnetmvc-simple-app.Test.csproj", "{9FF79198-C440-4C8B-88F4-C5B7056301C4}"
EndProject
Global
	GlobalSection(SolutionConfigurationPlatforms) = preSolution
		Debug|Any CPU = Debug|Any CPU
		Release|Any CPU = Release|Any CPU
	EndGlobalSection
	GlobalSection(ProjectConfigurationPlatforms) = postSolution
		{4CB71F66-F40E-4077-BE77-81EB64C7BB29}.Debug|Any CPU.ActiveCfg = Debug|Any CPU
		{4CB71F66-F40E-4077-BE77-81EB64C7BB29}.Debug|Any CPU.Build.0 = Debug|Any CPU
		{4CB71F66-F40E-4077-BE77-81EB64C7BB29}.Release|Any CPU.ActiveCfg = Release|Any CPU
		{4CB71F66-F40E-4077-BE77-81EB64C7BB29}.Release|Any CPU.Build.0 = Release|Any CPU
		{9FF79198-C440-4C8B-88F4-C5B7056301C4}.Debug|Any CPU.ActiveCfg = Debug|Any CPU
		{9FF79198-C440-4C8B-88F4-C5B7056301C4}.Debug|Any CPU.Build.0 = Debug|Any CPU
		{9FF79198-C440-4C8B-88F4-C5B7056301C4}.Release|Any CPU.ActiveCfg = Release|Any CPU
		{9FF79198-C440-4C8B-88F4-C5B7056301C4}.Release|Any CPU.Build.0 = Release|Any CPU
	EndGlobalSection
	GlobalSection(SolutionProperties) = preSolution
		HideSolutionNode = FALSE
	EndGlobalSection
	GlobalSection(ExtensibilityGlobals) = postSolution
		SolutionGuid = {4F634A33-DF39-4B92-AC77-EDB6320E898B}
	EndGlobalSection
EndGlobal
